// !$*UTF8*$!
{
	archiveVersion = 1;
	classes = {
	};
	objectVersion = 46;
	objects = {

/* Begin PBXBuildFile section */
		80B41ACF1A032C5800AB6770 /* Bolts.framework in Frameworks */ = {isa = PBXBuildFile; fileRef = 80B41ACE1A032C5800AB6770 /* Bolts.framework */; };
		80B41AD11A032C6600AB6770 /* Parse.framework in Frameworks */ = {isa = PBXBuildFile; fileRef = 80B41AD01A032C6600AB6770 /* Parse.framework */; };
		80B41AD31A032C8300AB6770 /* AudioToolbox.framework in Frameworks */ = {isa = PBXBuildFile; fileRef = 80B41AD21A032C8300AB6770 /* AudioToolbox.framework */; };
		80B41AD51A032C8800AB6770 /* Accounts.framework in Frameworks */ = {isa = PBXBuildFile; fileRef = 80B41AD41A032C8800AB6770 /* Accounts.framework */; };
		80B41AD71A032C8F00AB6770 /* Social.framework in Frameworks */ = {isa = PBXBuildFile; fileRef = 80B41AD61A032C8F00AB6770 /* Social.framework */; };
		80B41AD91A032C9500AB6770 /* CFNetwork.framework in Frameworks */ = {isa = PBXBuildFile; fileRef = 80B41AD81A032C9500AB6770 /* CFNetwork.framework */; };
		80B41ADB1A032C9C00AB6770 /* CoreGraphics.framework in Frameworks */ = {isa = PBXBuildFile; fileRef = 80B41ADA1A032C9C00AB6770 /* CoreGraphics.framework */; };
		80B41ADD1A032CA100AB6770 /* CoreLocation.framework in Frameworks */ = {isa = PBXBuildFile; fileRef = 80B41ADC1A032CA100AB6770 /* CoreLocation.framework */; };
		80B41ADF1A032CA900AB6770 /* libz.dylib in Frameworks */ = {isa = PBXBuildFile; fileRef = 80B41ADE1A032CA900AB6770 /* libz.dylib */; };
		80B41AE11A032CB000AB6770 /* MobileCoreServices.framework in Frameworks */ = {isa = PBXBuildFile; fileRef = 80B41AE01A032CB000AB6770 /* MobileCoreServices.framework */; };
		80B41AE31A032CB500AB6770 /* QuartzCore.framework in Frameworks */ = {isa = PBXBuildFile; fileRef = 80B41AE21A032CB500AB6770 /* QuartzCore.framework */; };
		80B41AE51A032CBA00AB6770 /* Security.framework in Frameworks */ = {isa = PBXBuildFile; fileRef = 80B41AE41A032CBA00AB6770 /* Security.framework */; };
		80B41AE71A032CC100AB6770 /* StoreKit.framework in Frameworks */ = {isa = PBXBuildFile; fileRef = 80B41AE61A032CC100AB6770 /* StoreKit.framework */; };
		80B41AE91A032CCA00AB6770 /* SystemConfiguration.framework in Frameworks */ = {isa = PBXBuildFile; fileRef = 80B41AE81A032CCA00AB6770 /* SystemConfiguration.framework */; };
		831744381A04508300EE8625 /* Flags_Background.jpg in Resources */ = {isa = PBXBuildFile; fileRef = 831744371A04508300EE8625 /* Flags_Background.jpg */; };
		8326A0A91A08790600B08FCA /* Icon-40@2x.png in Resources */ = {isa = PBXBuildFile; fileRef = 8326A0A31A08790600B08FCA /* Icon-40@2x.png */; };
		8326A0AA1A08790600B08FCA /* Icon-40@3x.png in Resources */ = {isa = PBXBuildFile; fileRef = 8326A0A41A08790600B08FCA /* Icon-40@3x.png */; };
		8326A0AB1A08790600B08FCA /* Icon-60@2x.png in Resources */ = {isa = PBXBuildFile; fileRef = 8326A0A51A08790600B08FCA /* Icon-60@2x.png */; };
		8326A0AC1A08790600B08FCA /* Icon-60@3x.png in Resources */ = {isa = PBXBuildFile; fileRef = 8326A0A61A08790600B08FCA /* Icon-60@3x.png */; };
		8326A0AD1A08790600B08FCA /* Icon-Small@2x.png in Resources */ = {isa = PBXBuildFile; fileRef = 8326A0A71A08790600B08FCA /* Icon-Small@2x.png */; };
		8326A0AE1A08790600B08FCA /* Icon-Small@3x.png in Resources */ = {isa = PBXBuildFile; fileRef = 8326A0A81A08790600B08FCA /* Icon-Small@3x.png */; };
		83300ADA1A07340300D0808B /* CountryQuiz_isolated.jpg in Resources */ = {isa = PBXBuildFile; fileRef = 83300AD91A07340300D0808B /* CountryQuiz_isolated.jpg */; };
		834524BA1A0AB37C008D0F2A /* DXAlertView.m in Sources */ = {isa = PBXBuildFile; fileRef = 834524B91A0AB37C008D0F2A /* DXAlertView.m */; };
		834524BF1A0AB390008D0F2A /* btn_close_normal.png in Resources */ = {isa = PBXBuildFile; fileRef = 834524BB1A0AB390008D0F2A /* btn_close_normal.png */; };
		834524C01A0AB390008D0F2A /* btn_close_normal@2x.png in Resources */ = {isa = PBXBuildFile; fileRef = 834524BC1A0AB390008D0F2A /* btn_close_normal@2x.png */; };
		834524C11A0AB390008D0F2A /* btn_close_selected.png in Resources */ = {isa = PBXBuildFile; fileRef = 834524BD1A0AB390008D0F2A /* btn_close_selected.png */; };
		834524C21A0AB390008D0F2A /* btn_close_selected@2x.png in Resources */ = {isa = PBXBuildFile; fileRef = 834524BE1A0AB390008D0F2A /* btn_close_selected@2x.png */; };
		B50D9E4019FEF3A500DC67F8 /* MainMenuViewController.m in Sources */ = {isa = PBXBuildFile; fileRef = B50D9E3F19FEF3A500DC67F8 /* MainMenuViewController.m */; };
		B50D9E4C19FEFF1100DC67F8 /* QuizMenuViewController.m in Sources */ = {isa = PBXBuildFile; fileRef = B50D9E4B19FEFF1100DC67F8 /* QuizMenuViewController.m */; };
		B516E9B119FAF7A200852353 /* Country.m in Sources */ = {isa = PBXBuildFile; fileRef = B516E9B019FAF7A200852353 /* Country.m */; };
		B52AA45F19F83AD70069BC08 /* main.m in Sources */ = {isa = PBXBuildFile; fileRef = B52AA45E19F83AD70069BC08 /* main.m */; };
		B52AA46219F83AD70069BC08 /* AppDelegate.m in Sources */ = {isa = PBXBuildFile; fileRef = B52AA46119F83AD70069BC08 /* AppDelegate.m */; };
		B52AA46519F83AD70069BC08 /* QuizViewController.m in Sources */ = {isa = PBXBuildFile; fileRef = B52AA46419F83AD70069BC08 /* QuizViewController.m */; };
		B52AA46819F83AD70069BC08 /* Main.storyboard in Resources */ = {isa = PBXBuildFile; fileRef = B52AA46619F83AD70069BC08 /* Main.storyboard */; };
		B52AA46A19F83AD70069BC08 /* Images.xcassets in Resources */ = {isa = PBXBuildFile; fileRef = B52AA46919F83AD70069BC08 /* Images.xcassets */; };
		B52AA46D19F83AD70069BC08 /* LaunchScreen.xib in Resources */ = {isa = PBXBuildFile; fileRef = B52AA46B19F83AD70069BC08 /* LaunchScreen.xib */; };
		B52AA56019F84BD60069BC08 /* Base64.m in Sources */ = {isa = PBXBuildFile; fileRef = B52AA54219F84BD60069BC08 /* Base64.m */; };
		B52AA56119F84BD60069BC08 /* UNIBaseRequest.m in Sources */ = {isa = PBXBuildFile; fileRef = B52AA54519F84BD60069BC08 /* UNIBaseRequest.m */; };
		B52AA56219F84BD60069BC08 /* UNIBodyRequest.m in Sources */ = {isa = PBXBuildFile; fileRef = B52AA54719F84BD60069BC08 /* UNIBodyRequest.m */; };
		B52AA56319F84BD60069BC08 /* UNISimpleRequest.m in Sources */ = {isa = PBXBuildFile; fileRef = B52AA54919F84BD60069BC08 /* UNISimpleRequest.m */; };
		B52AA56419F84BD60069BC08 /* UNIHTTPBinaryResponse.m in Sources */ = {isa = PBXBuildFile; fileRef = B52AA54C19F84BD60069BC08 /* UNIHTTPBinaryResponse.m */; };
		B52AA56519F84BD60069BC08 /* UNIHTTPJsonResponse.m in Sources */ = {isa = PBXBuildFile; fileRef = B52AA54E19F84BD60069BC08 /* UNIHTTPJsonResponse.m */; };
		B52AA56619F84BD60069BC08 /* UNIHTTPResponse.m in Sources */ = {isa = PBXBuildFile; fileRef = B52AA55019F84BD60069BC08 /* UNIHTTPResponse.m */; };
		B52AA56719F84BD60069BC08 /* UNIHTTPStringResponse.m in Sources */ = {isa = PBXBuildFile; fileRef = B52AA55219F84BD60069BC08 /* UNIHTTPStringResponse.m */; };
		B52AA56819F84BD60069BC08 /* UNIJsonNode.m in Sources */ = {isa = PBXBuildFile; fileRef = B52AA55419F84BD60069BC08 /* UNIJsonNode.m */; };
		B52AA56919F84BD60069BC08 /* UNIHTTPClientHelper.m in Sources */ = {isa = PBXBuildFile; fileRef = B52AA55619F84BD60069BC08 /* UNIHTTPClientHelper.m */; };
		B52AA56A19F84BD60069BC08 /* UNIHTTPRequest.m in Sources */ = {isa = PBXBuildFile; fileRef = B52AA55819F84BD60069BC08 /* UNIHTTPRequest.m */; };
		B52AA56B19F84BD60069BC08 /* UNIHTTPRequestWithBody.m in Sources */ = {isa = PBXBuildFile; fileRef = B52AA55A19F84BD60069BC08 /* UNIHTTPRequestWithBody.m */; };
		B52AA56C19F84BD60069BC08 /* UNIRest.m in Sources */ = {isa = PBXBuildFile; fileRef = B52AA55D19F84BD60069BC08 /* UNIRest.m */; };
		B52AA56D19F84BD60069BC08 /* UNIUrlConnection.m in Sources */ = {isa = PBXBuildFile; fileRef = B52AA55F19F84BD60069BC08 /* UNIUrlConnection.m */; };
		B54E2DB01A0AB97000D1B568 /* Assignment5Ideas.pdf in Resources */ = {isa = PBXBuildFile; fileRef = B54E2DAF1A0AB97000D1B568 /* Assignment5Ideas.pdf */; };
		DCBDA7AC1A017103008AA288 /* CountryTableViewController.m in Sources */ = {isa = PBXBuildFile; fileRef = DCBDA7AB1A017103008AA288 /* CountryTableViewController.m */; };
		DCBDA7AF1A018343008AA288 /* InfoViewController.m in Sources */ = {isa = PBXBuildFile; fileRef = DCBDA7AE1A018343008AA288 /* InfoViewController.m */; };
/* End PBXBuildFile section */

/* Begin PBXContainerItemProxy section */
		B52AA47319F83AD70069BC08 /* PBXContainerItemProxy */ = {
			isa = PBXContainerItemProxy;
			containerPortal = B52AA45119F83AD70069BC08 /* Project object */;
			proxyType = 1;
			remoteGlobalIDString = B52AA45819F83AD70069BC08;
			remoteInfo = CountryQuiz;
		};
/* End PBXContainerItemProxy section */

/* Begin PBXFileReference section */
		80B41ACE1A032C5800AB6770 /* Bolts.framework */ = {isa = PBXFileReference; lastKnownFileType = wrapper.framework; path = Bolts.framework; sourceTree = "<group>"; };
		80B41AD01A032C6600AB6770 /* Parse.framework */ = {isa = PBXFileReference; lastKnownFileType = wrapper.framework; path = Parse.framework; sourceTree = "<group>"; };
		80B41AD21A032C8300AB6770 /* AudioToolbox.framework */ = {isa = PBXFileReference; lastKnownFileType = wrapper.framework; name = AudioToolbox.framework; path = System/Library/Frameworks/AudioToolbox.framework; sourceTree = SDKROOT; };
		80B41AD41A032C8800AB6770 /* Accounts.framework */ = {isa = PBXFileReference; lastKnownFileType = wrapper.framework; name = Accounts.framework; path = System/Library/Frameworks/Accounts.framework; sourceTree = SDKROOT; };
		80B41AD61A032C8F00AB6770 /* Social.framework */ = {isa = PBXFileReference; lastKnownFileType = wrapper.framework; name = Social.framework; path = System/Library/Frameworks/Social.framework; sourceTree = SDKROOT; };
		80B41AD81A032C9500AB6770 /* CFNetwork.framework */ = {isa = PBXFileReference; lastKnownFileType = wrapper.framework; name = CFNetwork.framework; path = System/Library/Frameworks/CFNetwork.framework; sourceTree = SDKROOT; };
		80B41ADA1A032C9C00AB6770 /* CoreGraphics.framework */ = {isa = PBXFileReference; lastKnownFileType = wrapper.framework; name = CoreGraphics.framework; path = System/Library/Frameworks/CoreGraphics.framework; sourceTree = SDKROOT; };
		80B41ADC1A032CA100AB6770 /* CoreLocation.framework */ = {isa = PBXFileReference; lastKnownFileType = wrapper.framework; name = CoreLocation.framework; path = System/Library/Frameworks/CoreLocation.framework; sourceTree = SDKROOT; };
		80B41ADE1A032CA900AB6770 /* libz.dylib */ = {isa = PBXFileReference; lastKnownFileType = "compiled.mach-o.dylib"; name = libz.dylib; path = usr/lib/libz.dylib; sourceTree = SDKROOT; };
		80B41AE01A032CB000AB6770 /* MobileCoreServices.framework */ = {isa = PBXFileReference; lastKnownFileType = wrapper.framework; name = MobileCoreServices.framework; path = System/Library/Frameworks/MobileCoreServices.framework; sourceTree = SDKROOT; };
		80B41AE21A032CB500AB6770 /* QuartzCore.framework */ = {isa = PBXFileReference; lastKnownFileType = wrapper.framework; name = QuartzCore.framework; path = System/Library/Frameworks/QuartzCore.framework; sourceTree = SDKROOT; };
		80B41AE41A032CBA00AB6770 /* Security.framework */ = {isa = PBXFileReference; lastKnownFileType = wrapper.framework; name = Security.framework; path = System/Library/Frameworks/Security.framework; sourceTree = SDKROOT; };
		80B41AE61A032CC100AB6770 /* StoreKit.framework */ = {isa = PBXFileReference; lastKnownFileType = wrapper.framework; name = StoreKit.framework; path = System/Library/Frameworks/StoreKit.framework; sourceTree = SDKROOT; };
		80B41AE81A032CCA00AB6770 /* SystemConfiguration.framework */ = {isa = PBXFileReference; lastKnownFileType = wrapper.framework; name = SystemConfiguration.framework; path = System/Library/Frameworks/SystemConfiguration.framework; sourceTree = SDKROOT; };
		831744371A04508300EE8625 /* Flags_Background.jpg */ = {isa = PBXFileReference; lastKnownFileType = image.jpeg; path = Flags_Background.jpg; sourceTree = "<group>"; };
		8326A0A31A08790600B08FCA /* Icon-40@2x.png */ = {isa = PBXFileReference; lastKnownFileType = image.png; path = "Icon-40@2x.png"; sourceTree = "<group>"; };
		8326A0A41A08790600B08FCA /* Icon-40@3x.png */ = {isa = PBXFileReference; lastKnownFileType = image.png; path = "Icon-40@3x.png"; sourceTree = "<group>"; };
		8326A0A51A08790600B08FCA /* Icon-60@2x.png */ = {isa = PBXFileReference; lastKnownFileType = image.png; path = "Icon-60@2x.png"; sourceTree = "<group>"; };
		8326A0A61A08790600B08FCA /* Icon-60@3x.png */ = {isa = PBXFileReference; lastKnownFileType = image.png; path = "Icon-60@3x.png"; sourceTree = "<group>"; };
		8326A0A71A08790600B08FCA /* Icon-Small@2x.png */ = {isa = PBXFileReference; lastKnownFileType = image.png; path = "Icon-Small@2x.png"; sourceTree = "<group>"; };
		8326A0A81A08790600B08FCA /* Icon-Small@3x.png */ = {isa = PBXFileReference; lastKnownFileType = image.png; path = "Icon-Small@3x.png"; sourceTree = "<group>"; };
		83300AD91A07340300D0808B /* CountryQuiz_isolated.jpg */ = {isa = PBXFileReference; lastKnownFileType = image.jpeg; path = CountryQuiz_isolated.jpg; sourceTree = "<group>"; };
		834524B81A0AB37C008D0F2A /* DXAlertView.h */ = {isa = PBXFileReference; fileEncoding = 4; lastKnownFileType = sourcecode.c.h; path = DXAlertView.h; sourceTree = "<group>"; };
		834524B91A0AB37C008D0F2A /* DXAlertView.m */ = {isa = PBXFileReference; fileEncoding = 4; lastKnownFileType = sourcecode.c.objc; path = DXAlertView.m; sourceTree = "<group>"; };
		834524BB1A0AB390008D0F2A /* btn_close_normal.png */ = {isa = PBXFileReference; lastKnownFileType = image.png; path = btn_close_normal.png; sourceTree = "<group>"; };
		834524BC1A0AB390008D0F2A /* btn_close_normal@2x.png */ = {isa = PBXFileReference; lastKnownFileType = image.png; path = "btn_close_normal@2x.png"; sourceTree = "<group>"; };
		834524BD1A0AB390008D0F2A /* btn_close_selected.png */ = {isa = PBXFileReference; lastKnownFileType = image.png; path = btn_close_selected.png; sourceTree = "<group>"; };
		834524BE1A0AB390008D0F2A /* btn_close_selected@2x.png */ = {isa = PBXFileReference; lastKnownFileType = image.png; path = "btn_close_selected@2x.png"; sourceTree = "<group>"; };
		B50D9E3E19FEF3A500DC67F8 /* MainMenuViewController.h */ = {isa = PBXFileReference; fileEncoding = 4; lastKnownFileType = sourcecode.c.h; path = MainMenuViewController.h; sourceTree = "<group>"; };
		B50D9E3F19FEF3A500DC67F8 /* MainMenuViewController.m */ = {isa = PBXFileReference; fileEncoding = 4; lastKnownFileType = sourcecode.c.objc; path = MainMenuViewController.m; sourceTree = "<group>"; };
		B50D9E4A19FEFF1100DC67F8 /* QuizMenuViewController.h */ = {isa = PBXFileReference; fileEncoding = 4; lastKnownFileType = sourcecode.c.h; path = QuizMenuViewController.h; sourceTree = "<group>"; };
		B50D9E4B19FEFF1100DC67F8 /* QuizMenuViewController.m */ = {isa = PBXFileReference; fileEncoding = 4; lastKnownFileType = sourcecode.c.objc; path = QuizMenuViewController.m; sourceTree = "<group>"; };
		B516E9AF19FAF7A200852353 /* Country.h */ = {isa = PBXFileReference; fileEncoding = 4; lastKnownFileType = sourcecode.c.h; path = Country.h; sourceTree = "<group>"; };
		B516E9B019FAF7A200852353 /* Country.m */ = {isa = PBXFileReference; fileEncoding = 4; lastKnownFileType = sourcecode.c.objc; path = Country.m; sourceTree = "<group>"; };
		B52AA45919F83AD70069BC08 /* CountryQuiz.app */ = {isa = PBXFileReference; explicitFileType = wrapper.application; includeInIndex = 0; path = CountryQuiz.app; sourceTree = BUILT_PRODUCTS_DIR; };
		B52AA45D19F83AD70069BC08 /* Info.plist */ = {isa = PBXFileReference; lastKnownFileType = text.plist.xml; path = Info.plist; sourceTree = "<group>"; };
		B52AA45E19F83AD70069BC08 /* main.m */ = {isa = PBXFileReference; lastKnownFileType = sourcecode.c.objc; path = main.m; sourceTree = "<group>"; };
		B52AA46019F83AD70069BC08 /* AppDelegate.h */ = {isa = PBXFileReference; lastKnownFileType = sourcecode.c.h; path = AppDelegate.h; sourceTree = "<group>"; };
		B52AA46119F83AD70069BC08 /* AppDelegate.m */ = {isa = PBXFileReference; lastKnownFileType = sourcecode.c.objc; path = AppDelegate.m; sourceTree = "<group>"; };
		B52AA46319F83AD70069BC08 /* QuizViewController.h */ = {isa = PBXFileReference; lastKnownFileType = sourcecode.c.h; path = QuizViewController.h; sourceTree = "<group>"; };
		B52AA46419F83AD70069BC08 /* QuizViewController.m */ = {isa = PBXFileReference; lastKnownFileType = sourcecode.c.objc; path = QuizViewController.m; sourceTree = "<group>"; };
		B52AA46719F83AD70069BC08 /* Base */ = {isa = PBXFileReference; lastKnownFileType = file.storyboard; name = Base; path = Base.lproj/Main.storyboard; sourceTree = "<group>"; };
		B52AA46919F83AD70069BC08 /* Images.xcassets */ = {isa = PBXFileReference; lastKnownFileType = folder.assetcatalog; path = Images.xcassets; sourceTree = "<group>"; };
		B52AA46C19F83AD70069BC08 /* Base */ = {isa = PBXFileReference; lastKnownFileType = file.xib; name = Base; path = Base.lproj/LaunchScreen.xib; sourceTree = "<group>"; };
		B52AA47219F83AD70069BC08 /* CountryQuizTests.xctest */ = {isa = PBXFileReference; explicitFileType = wrapper.cfbundle; includeInIndex = 0; path = CountryQuizTests.xctest; sourceTree = BUILT_PRODUCTS_DIR; };
		B52AA47719F83AD70069BC08 /* Info.plist */ = {isa = PBXFileReference; lastKnownFileType = text.plist.xml; path = Info.plist; sourceTree = "<group>"; };
		B52AA53819F848540069BC08 /* Foundation.framework */ = {isa = PBXFileReference; lastKnownFileType = wrapper.framework; name = Foundation.framework; path = System/Library/Frameworks/Foundation.framework; sourceTree = SDKROOT; };
		B52AA53A19F8485C0069BC08 /* SenTestingKit.framework */ = {isa = PBXFileReference; lastKnownFileType = wrapper.framework; name = SenTestingKit.framework; path = Library/Frameworks/SenTestingKit.framework; sourceTree = DEVELOPER_DIR; };
		B52AA53C19F848670069BC08 /* UIKit.framework */ = {isa = PBXFileReference; lastKnownFileType = wrapper.framework; name = UIKit.framework; path = System/Library/Frameworks/UIKit.framework; sourceTree = SDKROOT; };
		B52AA54119F84BD60069BC08 /* Base64.h */ = {isa = PBXFileReference; fileEncoding = 4; lastKnownFileType = sourcecode.c.h; path = Base64.h; sourceTree = "<group>"; };
		B52AA54219F84BD60069BC08 /* Base64.m */ = {isa = PBXFileReference; fileEncoding = 4; lastKnownFileType = sourcecode.c.objc; path = Base64.m; sourceTree = "<group>"; };
		B52AA54419F84BD60069BC08 /* UNIBaseRequest.h */ = {isa = PBXFileReference; fileEncoding = 4; lastKnownFileType = sourcecode.c.h; path = UNIBaseRequest.h; sourceTree = "<group>"; };
		B52AA54519F84BD60069BC08 /* UNIBaseRequest.m */ = {isa = PBXFileReference; fileEncoding = 4; lastKnownFileType = sourcecode.c.objc; path = UNIBaseRequest.m; sourceTree = "<group>"; };
		B52AA54619F84BD60069BC08 /* UNIBodyRequest.h */ = {isa = PBXFileReference; fileEncoding = 4; lastKnownFileType = sourcecode.c.h; path = UNIBodyRequest.h; sourceTree = "<group>"; };
		B52AA54719F84BD60069BC08 /* UNIBodyRequest.m */ = {isa = PBXFileReference; fileEncoding = 4; lastKnownFileType = sourcecode.c.objc; path = UNIBodyRequest.m; sourceTree = "<group>"; };
		B52AA54819F84BD60069BC08 /* UNISimpleRequest.h */ = {isa = PBXFileReference; fileEncoding = 4; lastKnownFileType = sourcecode.c.h; path = UNISimpleRequest.h; sourceTree = "<group>"; };
		B52AA54919F84BD60069BC08 /* UNISimpleRequest.m */ = {isa = PBXFileReference; fileEncoding = 4; lastKnownFileType = sourcecode.c.objc; path = UNISimpleRequest.m; sourceTree = "<group>"; };
		B52AA54B19F84BD60069BC08 /* UNIHTTPBinaryResponse.h */ = {isa = PBXFileReference; fileEncoding = 4; lastKnownFileType = sourcecode.c.h; path = UNIHTTPBinaryResponse.h; sourceTree = "<group>"; };
		B52AA54C19F84BD60069BC08 /* UNIHTTPBinaryResponse.m */ = {isa = PBXFileReference; fileEncoding = 4; lastKnownFileType = sourcecode.c.objc; path = UNIHTTPBinaryResponse.m; sourceTree = "<group>"; };
		B52AA54D19F84BD60069BC08 /* UNIHTTPJsonResponse.h */ = {isa = PBXFileReference; fileEncoding = 4; lastKnownFileType = sourcecode.c.h; path = UNIHTTPJsonResponse.h; sourceTree = "<group>"; };
		B52AA54E19F84BD60069BC08 /* UNIHTTPJsonResponse.m */ = {isa = PBXFileReference; fileEncoding = 4; lastKnownFileType = sourcecode.c.objc; path = UNIHTTPJsonResponse.m; sourceTree = "<group>"; };
		B52AA54F19F84BD60069BC08 /* UNIHTTPResponse.h */ = {isa = PBXFileReference; fileEncoding = 4; lastKnownFileType = sourcecode.c.h; path = UNIHTTPResponse.h; sourceTree = "<group>"; };
		B52AA55019F84BD60069BC08 /* UNIHTTPResponse.m */ = {isa = PBXFileReference; fileEncoding = 4; lastKnownFileType = sourcecode.c.objc; path = UNIHTTPResponse.m; sourceTree = "<group>"; };
		B52AA55119F84BD60069BC08 /* UNIHTTPStringResponse.h */ = {isa = PBXFileReference; fileEncoding = 4; lastKnownFileType = sourcecode.c.h; path = UNIHTTPStringResponse.h; sourceTree = "<group>"; };
		B52AA55219F84BD60069BC08 /* UNIHTTPStringResponse.m */ = {isa = PBXFileReference; fileEncoding = 4; lastKnownFileType = sourcecode.c.objc; path = UNIHTTPStringResponse.m; sourceTree = "<group>"; };
		B52AA55319F84BD60069BC08 /* UNIJsonNode.h */ = {isa = PBXFileReference; fileEncoding = 4; lastKnownFileType = sourcecode.c.h; path = UNIJsonNode.h; sourceTree = "<group>"; };
		B52AA55419F84BD60069BC08 /* UNIJsonNode.m */ = {isa = PBXFileReference; fileEncoding = 4; lastKnownFileType = sourcecode.c.objc; path = UNIJsonNode.m; sourceTree = "<group>"; };
		B52AA55519F84BD60069BC08 /* UNIHTTPClientHelper.h */ = {isa = PBXFileReference; fileEncoding = 4; lastKnownFileType = sourcecode.c.h; path = UNIHTTPClientHelper.h; sourceTree = "<group>"; };
		B52AA55619F84BD60069BC08 /* UNIHTTPClientHelper.m */ = {isa = PBXFileReference; fileEncoding = 4; lastKnownFileType = sourcecode.c.objc; path = UNIHTTPClientHelper.m; sourceTree = "<group>"; };
		B52AA55719F84BD60069BC08 /* UNIHTTPRequest.h */ = {isa = PBXFileReference; fileEncoding = 4; lastKnownFileType = sourcecode.c.h; path = UNIHTTPRequest.h; sourceTree = "<group>"; };
		B52AA55819F84BD60069BC08 /* UNIHTTPRequest.m */ = {isa = PBXFileReference; fileEncoding = 4; lastKnownFileType = sourcecode.c.objc; path = UNIHTTPRequest.m; sourceTree = "<group>"; };
		B52AA55919F84BD60069BC08 /* UNIHTTPRequestWithBody.h */ = {isa = PBXFileReference; fileEncoding = 4; lastKnownFileType = sourcecode.c.h; path = UNIHTTPRequestWithBody.h; sourceTree = "<group>"; };
		B52AA55A19F84BD60069BC08 /* UNIHTTPRequestWithBody.m */ = {isa = PBXFileReference; fileEncoding = 4; lastKnownFileType = sourcecode.c.objc; path = UNIHTTPRequestWithBody.m; sourceTree = "<group>"; };
		B52AA55B19F84BD60069BC08 /* Unirest-Prefix.pch */ = {isa = PBXFileReference; fileEncoding = 4; lastKnownFileType = sourcecode.c.h; path = "Unirest-Prefix.pch"; sourceTree = "<group>"; };
		B52AA55C19F84BD60069BC08 /* UNIRest.h */ = {isa = PBXFileReference; fileEncoding = 4; lastKnownFileType = sourcecode.c.h; path = UNIRest.h; sourceTree = "<group>"; };
		B52AA55D19F84BD60069BC08 /* UNIRest.m */ = {isa = PBXFileReference; fileEncoding = 4; lastKnownFileType = sourcecode.c.objc; path = UNIRest.m; sourceTree = "<group>"; };
		B52AA55E19F84BD60069BC08 /* UNIUrlConnection.h */ = {isa = PBXFileReference; fileEncoding = 4; lastKnownFileType = sourcecode.c.h; path = UNIUrlConnection.h; sourceTree = "<group>"; };
		B52AA55F19F84BD60069BC08 /* UNIUrlConnection.m */ = {isa = PBXFileReference; fileEncoding = 4; lastKnownFileType = sourcecode.c.objc; path = UNIUrlConnection.m; sourceTree = "<group>"; };
		B54E2DAF1A0AB97000D1B568 /* Assignment5Ideas.pdf */ = {isa = PBXFileReference; lastKnownFileType = image.pdf; path = Assignment5Ideas.pdf; sourceTree = "<group>"; };
		DCBDA7AA1A017103008AA288 /* CountryTableViewController.h */ = {isa = PBXFileReference; fileEncoding = 4; lastKnownFileType = sourcecode.c.h; path = CountryTableViewController.h; sourceTree = "<group>"; };
		DCBDA7AB1A017103008AA288 /* CountryTableViewController.m */ = {isa = PBXFileReference; fileEncoding = 4; lastKnownFileType = sourcecode.c.objc; path = CountryTableViewController.m; sourceTree = "<group>"; };
		DCBDA7AD1A018343008AA288 /* InfoViewController.h */ = {isa = PBXFileReference; fileEncoding = 4; lastKnownFileType = sourcecode.c.h; path = InfoViewController.h; sourceTree = "<group>"; };
		DCBDA7AE1A018343008AA288 /* InfoViewController.m */ = {isa = PBXFileReference; fileEncoding = 4; lastKnownFileType = sourcecode.c.objc; path = InfoViewController.m; sourceTree = "<group>"; };
/* End PBXFileReference section */

/* Begin PBXFrameworksBuildPhase section */
		B52AA45619F83AD70069BC08 /* Frameworks */ = {
			isa = PBXFrameworksBuildPhase;
			buildActionMask = 2147483647;
			files = (
				80B41AE91A032CCA00AB6770 /* SystemConfiguration.framework in Frameworks */,
				80B41AE71A032CC100AB6770 /* StoreKit.framework in Frameworks */,
				80B41AE51A032CBA00AB6770 /* Security.framework in Frameworks */,
				80B41AE31A032CB500AB6770 /* QuartzCore.framework in Frameworks */,
				80B41AE11A032CB000AB6770 /* MobileCoreServices.framework in Frameworks */,
				80B41ADF1A032CA900AB6770 /* libz.dylib in Frameworks */,
				80B41ADD1A032CA100AB6770 /* CoreLocation.framework in Frameworks */,
				80B41ADB1A032C9C00AB6770 /* CoreGraphics.framework in Frameworks */,
				80B41AD91A032C9500AB6770 /* CFNetwork.framework in Frameworks */,
				80B41AD71A032C8F00AB6770 /* Social.framework in Frameworks */,
				80B41AD51A032C8800AB6770 /* Accounts.framework in Frameworks */,
				80B41AD31A032C8300AB6770 /* AudioToolbox.framework in Frameworks */,
				80B41AD11A032C6600AB6770 /* Parse.framework in Frameworks */,
				80B41ACF1A032C5800AB6770 /* Bolts.framework in Frameworks */,
			);
			runOnlyForDeploymentPostprocessing = 0;
		};
		B52AA46F19F83AD70069BC08 /* Frameworks */ = {
			isa = PBXFrameworksBuildPhase;
			buildActionMask = 2147483647;
			files = (
			);
			runOnlyForDeploymentPostprocessing = 0;
		};
/* End PBXFrameworksBuildPhase section */

/* Begin PBXGroup section */
		B52AA45019F83AD70069BC08 = {
			isa = PBXGroup;
			children = (
				80B41AE81A032CCA00AB6770 /* SystemConfiguration.framework */,
				80B41AE61A032CC100AB6770 /* StoreKit.framework */,
				80B41AE41A032CBA00AB6770 /* Security.framework */,
				80B41AE21A032CB500AB6770 /* QuartzCore.framework */,
				80B41AE01A032CB000AB6770 /* MobileCoreServices.framework */,
				80B41ADE1A032CA900AB6770 /* libz.dylib */,
				80B41ADC1A032CA100AB6770 /* CoreLocation.framework */,
				80B41ADA1A032C9C00AB6770 /* CoreGraphics.framework */,
				80B41AD81A032C9500AB6770 /* CFNetwork.framework */,
				80B41AD61A032C8F00AB6770 /* Social.framework */,
				80B41AD41A032C8800AB6770 /* Accounts.framework */,
				80B41AD21A032C8300AB6770 /* AudioToolbox.framework */,
				80B41AD01A032C6600AB6770 /* Parse.framework */,
				80B41ACE1A032C5800AB6770 /* Bolts.framework */,
				B52AA53C19F848670069BC08 /* UIKit.framework */,
				B52AA53A19F8485C0069BC08 /* SenTestingKit.framework */,
				B52AA53819F848540069BC08 /* Foundation.framework */,
				B52AA45B19F83AD70069BC08 /* CountryQuiz */,
				B52AA47519F83AD70069BC08 /* CountryQuizTests */,
				B52AA45A19F83AD70069BC08 /* Products */,
			);
			sourceTree = "<group>";
		};
		B52AA45A19F83AD70069BC08 /* Products */ = {
			isa = PBXGroup;
			children = (
				B52AA45919F83AD70069BC08 /* CountryQuiz.app */,
				B52AA47219F83AD70069BC08 /* CountryQuizTests.xctest */,
			);
			name = Products;
			sourceTree = "<group>";
		};
		B52AA45B19F83AD70069BC08 /* CountryQuiz */ = {
			isa = PBXGroup;
			children = (
				B50D9E4A19FEFF1100DC67F8 /* QuizMenuViewController.h */,
				B50D9E4B19FEFF1100DC67F8 /* QuizMenuViewController.m */,
				B50D9E3E19FEF3A500DC67F8 /* MainMenuViewController.h */,
				B50D9E3F19FEF3A500DC67F8 /* MainMenuViewController.m */,
				B52AA46619F83AD70069BC08 /* Main.storyboard */,
				DCBDA7AD1A018343008AA288 /* InfoViewController.h */,
				DCBDA7AE1A018343008AA288 /* InfoViewController.m */,
				DCBDA7AA1A017103008AA288 /* CountryTableViewController.h */,
				DCBDA7AB1A017103008AA288 /* CountryTableViewController.m */,
				B52AA46019F83AD70069BC08 /* AppDelegate.h */,
				B52AA46119F83AD70069BC08 /* AppDelegate.m */,
				B52AA46319F83AD70069BC08 /* QuizViewController.h */,
				B52AA46419F83AD70069BC08 /* QuizViewController.m */,
				B516E9AF19FAF7A200852353 /* Country.h */,
				B516E9B019FAF7A200852353 /* Country.m */,
				834524B81A0AB37C008D0F2A /* DXAlertView.h */,
				834524B91A0AB37C008D0F2A /* DXAlertView.m */,
				B52AA46919F83AD70069BC08 /* Images.xcassets */,
				B52AA46B19F83AD70069BC08 /* LaunchScreen.xib */,
				B52AA45C19F83AD70069BC08 /* Supporting Files */,
			);
			path = CountryQuiz;
			sourceTree = "<group>";
		};
		B52AA45C19F83AD70069BC08 /* Supporting Files */ = {
			isa = PBXGroup;
			children = (
				B54E2DAF1A0AB97000D1B568 /* Assignment5Ideas.pdf */,
				834524BB1A0AB390008D0F2A /* btn_close_normal.png */,
				834524BC1A0AB390008D0F2A /* btn_close_normal@2x.png */,
				834524BD1A0AB390008D0F2A /* btn_close_selected.png */,
				834524BE1A0AB390008D0F2A /* btn_close_selected@2x.png */,
				8326A0A31A08790600B08FCA /* Icon-40@2x.png */,
				8326A0A41A08790600B08FCA /* Icon-40@3x.png */,
				8326A0A51A08790600B08FCA /* Icon-60@2x.png */,
				8326A0A61A08790600B08FCA /* Icon-60@3x.png */,
				8326A0A71A08790600B08FCA /* Icon-Small@2x.png */,
				8326A0A81A08790600B08FCA /* Icon-Small@3x.png */,
				831744371A04508300EE8625 /* Flags_Background.jpg */,
				83300AD91A07340300D0808B /* CountryQuiz_isolated.jpg */,
				B52AA54019F84BD60069BC08 /* Unirest */,
				B52AA45D19F83AD70069BC08 /* Info.plist */,
				B52AA45E19F83AD70069BC08 /* main.m */,
			);
			name = "Supporting Files";
			sourceTree = "<group>";
		};
		B52AA47519F83AD70069BC08 /* CountryQuizTests */ = {
			isa = PBXGroup;
			children = (
				B52AA47619F83AD70069BC08 /* Supporting Files */,
			);
			path = CountryQuizTests;
			sourceTree = "<group>";
		};
		B52AA47619F83AD70069BC08 /* Supporting Files */ = {
			isa = PBXGroup;
			children = (
				B52AA47719F83AD70069BC08 /* Info.plist */,
			);
			name = "Supporting Files";
			sourceTree = "<group>";
		};
		B52AA54019F84BD60069BC08 /* Unirest */ = {
			isa = PBXGroup;
			children = (
				B52AA54119F84BD60069BC08 /* Base64.h */,
				B52AA54219F84BD60069BC08 /* Base64.m */,
				B52AA54319F84BD60069BC08 /* HttpRequest */,
				B52AA54A19F84BD60069BC08 /* HttpResponse */,
				B52AA55519F84BD60069BC08 /* UNIHTTPClientHelper.h */,
				B52AA55619F84BD60069BC08 /* UNIHTTPClientHelper.m */,
				B52AA55719F84BD60069BC08 /* UNIHTTPRequest.h */,
				B52AA55819F84BD60069BC08 /* UNIHTTPRequest.m */,
				B52AA55919F84BD60069BC08 /* UNIHTTPRequestWithBody.h */,
				B52AA55A19F84BD60069BC08 /* UNIHTTPRequestWithBody.m */,
				B52AA55B19F84BD60069BC08 /* Unirest-Prefix.pch */,
				B52AA55C19F84BD60069BC08 /* UNIRest.h */,
				B52AA55D19F84BD60069BC08 /* UNIRest.m */,
				B52AA55E19F84BD60069BC08 /* UNIUrlConnection.h */,
				B52AA55F19F84BD60069BC08 /* UNIUrlConnection.m */,
			);
			path = Unirest;
			sourceTree = "<group>";
		};
		B52AA54319F84BD60069BC08 /* HttpRequest */ = {
			isa = PBXGroup;
			children = (
				B52AA54419F84BD60069BC08 /* UNIBaseRequest.h */,
				B52AA54519F84BD60069BC08 /* UNIBaseRequest.m */,
				B52AA54619F84BD60069BC08 /* UNIBodyRequest.h */,
				B52AA54719F84BD60069BC08 /* UNIBodyRequest.m */,
				B52AA54819F84BD60069BC08 /* UNISimpleRequest.h */,
				B52AA54919F84BD60069BC08 /* UNISimpleRequest.m */,
			);
			path = HttpRequest;
			sourceTree = "<group>";
		};
		B52AA54A19F84BD60069BC08 /* HttpResponse */ = {
			isa = PBXGroup;
			children = (
				B52AA54B19F84BD60069BC08 /* UNIHTTPBinaryResponse.h */,
				B52AA54C19F84BD60069BC08 /* UNIHTTPBinaryResponse.m */,
				B52AA54D19F84BD60069BC08 /* UNIHTTPJsonResponse.h */,
				B52AA54E19F84BD60069BC08 /* UNIHTTPJsonResponse.m */,
				B52AA54F19F84BD60069BC08 /* UNIHTTPResponse.h */,
				B52AA55019F84BD60069BC08 /* UNIHTTPResponse.m */,
				B52AA55119F84BD60069BC08 /* UNIHTTPStringResponse.h */,
				B52AA55219F84BD60069BC08 /* UNIHTTPStringResponse.m */,
				B52AA55319F84BD60069BC08 /* UNIJsonNode.h */,
				B52AA55419F84BD60069BC08 /* UNIJsonNode.m */,
			);
			path = HttpResponse;
			sourceTree = "<group>";
		};
/* End PBXGroup section */

/* Begin PBXNativeTarget section */
		B52AA45819F83AD70069BC08 /* CountryQuiz */ = {
			isa = PBXNativeTarget;
			buildConfigurationList = B52AA47C19F83AD70069BC08 /* Build configuration list for PBXNativeTarget "CountryQuiz" */;
			buildPhases = (
				B52AA45519F83AD70069BC08 /* Sources */,
				B52AA45619F83AD70069BC08 /* Frameworks */,
				B52AA45719F83AD70069BC08 /* Resources */,
			);
			buildRules = (
			);
			dependencies = (
			);
			name = CountryQuiz;
			productName = CountryQuiz;
			productReference = B52AA45919F83AD70069BC08 /* CountryQuiz.app */;
			productType = "com.apple.product-type.application";
		};
		B52AA47119F83AD70069BC08 /* CountryQuizTests */ = {
			isa = PBXNativeTarget;
			buildConfigurationList = B52AA47F19F83AD70069BC08 /* Build configuration list for PBXNativeTarget "CountryQuizTests" */;
			buildPhases = (
				B52AA46E19F83AD70069BC08 /* Sources */,
				B52AA46F19F83AD70069BC08 /* Frameworks */,
				B52AA47019F83AD70069BC08 /* Resources */,
			);
			buildRules = (
			);
			dependencies = (
				B52AA47419F83AD70069BC08 /* PBXTargetDependency */,
			);
			name = CountryQuizTests;
			productName = CountryQuizTests;
			productReference = B52AA47219F83AD70069BC08 /* CountryQuizTests.xctest */;
			productType = "com.apple.product-type.bundle.unit-test";
		};
/* End PBXNativeTarget section */

/* Begin PBXProject section */
		B52AA45119F83AD70069BC08 /* Project object */ = {
			isa = PBXProject;
			attributes = {
				LastUpgradeCheck = 0600;
				ORGANIZATIONNAME = mkarlsru;
				TargetAttributes = {
					B52AA45819F83AD70069BC08 = {
						CreatedOnToolsVersion = 6.0.1;
					};
					B52AA47119F83AD70069BC08 = {
						CreatedOnToolsVersion = 6.0.1;
						TestTargetID = B52AA45819F83AD70069BC08;
					};
				};
			};
			buildConfigurationList = B52AA45419F83AD70069BC08 /* Build configuration list for PBXProject "CountryQuiz" */;
			compatibilityVersion = "Xcode 3.2";
			developmentRegion = English;
			hasScannedForEncodings = 0;
			knownRegions = (
				en,
				Base,
			);
			mainGroup = B52AA45019F83AD70069BC08;
			productRefGroup = B52AA45A19F83AD70069BC08 /* Products */;
			projectDirPath = "";
			projectRoot = "";
			targets = (
				B52AA45819F83AD70069BC08 /* CountryQuiz */,
				B52AA47119F83AD70069BC08 /* CountryQuizTests */,
			);
		};
/* End PBXProject section */

/* Begin PBXResourcesBuildPhase section */
		B52AA45719F83AD70069BC08 /* Resources */ = {
			isa = PBXResourcesBuildPhase;
			buildActionMask = 2147483647;
			files = (
				B54E2DB01A0AB97000D1B568 /* Assignment5Ideas.pdf in Resources */,
				834524BF1A0AB390008D0F2A /* btn_close_normal.png in Resources */,
				8326A0AE1A08790600B08FCA /* Icon-Small@3x.png in Resources */,
				B52AA46819F83AD70069BC08 /* Main.storyboard in Resources */,
				B52AA46D19F83AD70069BC08 /* LaunchScreen.xib in Resources */,
				83300ADA1A07340300D0808B /* CountryQuiz_isolated.jpg in Resources */,
				834524C21A0AB390008D0F2A /* btn_close_selected@2x.png in Resources */,
				8326A0AD1A08790600B08FCA /* Icon-Small@2x.png in Resources */,
				834524C11A0AB390008D0F2A /* btn_close_selected.png in Resources */,
				8326A0A91A08790600B08FCA /* Icon-40@2x.png in Resources */,
				B52AA46A19F83AD70069BC08 /* Images.xcassets in Resources */,
				8326A0AA1A08790600B08FCA /* Icon-40@3x.png in Resources */,
				8326A0AC1A08790600B08FCA /* Icon-60@3x.png in Resources */,
				831744381A04508300EE8625 /* Flags_Background.jpg in Resources */,
				834524C01A0AB390008D0F2A /* btn_close_normal@2x.png in Resources */,
				8326A0AB1A08790600B08FCA /* Icon-60@2x.png in Resources */,
			);
			runOnlyForDeploymentPostprocessing = 0;
		};
		B52AA47019F83AD70069BC08 /* Resources */ = {
			isa = PBXResourcesBuildPhase;
			buildActionMask = 2147483647;
			files = (
			);
			runOnlyForDeploymentPostprocessing = 0;
		};
/* End PBXResourcesBuildPhase section */

/* Begin PBXSourcesBuildPhase section */
		B52AA45519F83AD70069BC08 /* Sources */ = {
			isa = PBXSourcesBuildPhase;
			buildActionMask = 2147483647;
			files = (
				B52AA56819F84BD60069BC08 /* UNIJsonNode.m in Sources */,
				B52AA56019F84BD60069BC08 /* Base64.m in Sources */,
				DCBDA7AF1A018343008AA288 /* InfoViewController.m in Sources */,
				B52AA46519F83AD70069BC08 /* QuizViewController.m in Sources */,
				B52AA56419F84BD60069BC08 /* UNIHTTPBinaryResponse.m in Sources */,
				B52AA56319F84BD60069BC08 /* UNISimpleRequest.m in Sources */,
				DCBDA7AC1A017103008AA288 /* CountryTableViewController.m in Sources */,
				B50D9E4019FEF3A500DC67F8 /* MainMenuViewController.m in Sources */,
				B52AA56519F84BD60069BC08 /* UNIHTTPJsonResponse.m in Sources */,
				B52AA56919F84BD60069BC08 /* UNIHTTPClientHelper.m in Sources */,
				B52AA56219F84BD60069BC08 /* UNIBodyRequest.m in Sources */,
				B52AA56D19F84BD60069BC08 /* UNIUrlConnection.m in Sources */,
				B52AA56719F84BD60069BC08 /* UNIHTTPStringResponse.m in Sources */,
				B52AA46219F83AD70069BC08 /* AppDelegate.m in Sources */,
				B50D9E4C19FEFF1100DC67F8 /* QuizMenuViewController.m in Sources */,
				B52AA56A19F84BD60069BC08 /* UNIHTTPRequest.m in Sources */,
				B52AA56B19F84BD60069BC08 /* UNIHTTPRequestWithBody.m in Sources */,
				834524BA1A0AB37C008D0F2A /* DXAlertView.m in Sources */,
				B52AA56619F84BD60069BC08 /* UNIHTTPResponse.m in Sources */,
				B52AA45F19F83AD70069BC08 /* main.m in Sources */,
				B52AA56C19F84BD60069BC08 /* UNIRest.m in Sources */,
				B516E9B119FAF7A200852353 /* Country.m in Sources */,
				B52AA56119F84BD60069BC08 /* UNIBaseRequest.m in Sources */,
			);
			runOnlyForDeploymentPostprocessing = 0;
		};
		B52AA46E19F83AD70069BC08 /* Sources */ = {
			isa = PBXSourcesBuildPhase;
			buildActionMask = 2147483647;
			files = (
			);
			runOnlyForDeploymentPostprocessing = 0;
		};
/* End PBXSourcesBuildPhase section */

/* Begin PBXTargetDependency section */
		B52AA47419F83AD70069BC08 /* PBXTargetDependency */ = {
			isa = PBXTargetDependency;
			target = B52AA45819F83AD70069BC08 /* CountryQuiz */;
			targetProxy = B52AA47319F83AD70069BC08 /* PBXContainerItemProxy */;
		};
/* End PBXTargetDependency section */

/* Begin PBXVariantGroup section */
		B52AA46619F83AD70069BC08 /* Main.storyboard */ = {
			isa = PBXVariantGroup;
			children = (
				B52AA46719F83AD70069BC08 /* Base */,
			);
			name = Main.storyboard;
			sourceTree = "<group>";
		};
		B52AA46B19F83AD70069BC08 /* LaunchScreen.xib */ = {
			isa = PBXVariantGroup;
			children = (
				B52AA46C19F83AD70069BC08 /* Base */,
			);
			name = LaunchScreen.xib;
			sourceTree = "<group>";
		};
/* End PBXVariantGroup section */

/* Begin XCBuildConfiguration section */
		B52AA47A19F83AD70069BC08 /* Debug */ = {
			isa = XCBuildConfiguration;
			buildSettings = {
				ALWAYS_SEARCH_USER_PATHS = NO;
				CLANG_CXX_LANGUAGE_STANDARD = "gnu++0x";
				CLANG_CXX_LIBRARY = "libc++";
				CLANG_ENABLE_MODULES = YES;
				CLANG_ENABLE_OBJC_ARC = YES;
				CLANG_WARN_BOOL_CONVERSION = YES;
				CLANG_WARN_CONSTANT_CONVERSION = YES;
				CLANG_WARN_DIRECT_OBJC_ISA_USAGE = YES_ERROR;
				CLANG_WARN_EMPTY_BODY = YES;
				CLANG_WARN_ENUM_CONVERSION = YES;
				CLANG_WARN_INT_CONVERSION = YES;
				CLANG_WARN_OBJC_ROOT_CLASS = YES_ERROR;
				CLANG_WARN_UNREACHABLE_CODE = YES;
				CLANG_WARN__DUPLICATE_METHOD_MATCH = YES;
				"CODE_SIGN_IDENTITY[sdk=iphoneos*]" = "iPhone Developer";
				COPY_PHASE_STRIP = NO;
				ENABLE_STRICT_OBJC_MSGSEND = YES;
				GCC_C_LANGUAGE_STANDARD = gnu99;
				GCC_DYNAMIC_NO_PIC = NO;
				GCC_OPTIMIZATION_LEVEL = 0;
				GCC_PREPROCESSOR_DEFINITIONS = (
					"DEBUG=1",
					"$(inherited)",
				);
				GCC_SYMBOLS_PRIVATE_EXTERN = NO;
				GCC_WARN_64_TO_32_BIT_CONVERSION = YES;
				GCC_WARN_ABOUT_RETURN_TYPE = YES_ERROR;
				GCC_WARN_UNDECLARED_SELECTOR = YES;
				GCC_WARN_UNINITIALIZED_AUTOS = YES_AGGRESSIVE;
				GCC_WARN_UNUSED_FUNCTION = YES;
				GCC_WARN_UNUSED_VARIABLE = YES;
				IPHONEOS_DEPLOYMENT_TARGET = 8.0;
				MTL_ENABLE_DEBUG_INFO = YES;
				ONLY_ACTIVE_ARCH = YES;
				SDKROOT = iphoneos;
			};
			name = Debug;
		};
		B52AA47B19F83AD70069BC08 /* Release */ = {
			isa = XCBuildConfiguration;
			buildSettings = {
				ALWAYS_SEARCH_USER_PATHS = NO;
				CLANG_CXX_LANGUAGE_STANDARD = "gnu++0x";
				CLANG_CXX_LIBRARY = "libc++";
				CLANG_ENABLE_MODULES = YES;
				CLANG_ENABLE_OBJC_ARC = YES;
				CLANG_WARN_BOOL_CONVERSION = YES;
				CLANG_WARN_CONSTANT_CONVERSION = YES;
				CLANG_WARN_DIRECT_OBJC_ISA_USAGE = YES_ERROR;
				CLANG_WARN_EMPTY_BODY = YES;
				CLANG_WARN_ENUM_CONVERSION = YES;
				CLANG_WARN_INT_CONVERSION = YES;
				CLANG_WARN_OBJC_ROOT_CLASS = YES_ERROR;
				CLANG_WARN_UNREACHABLE_CODE = YES;
				CLANG_WARN__DUPLICATE_METHOD_MATCH = YES;
				"CODE_SIGN_IDENTITY[sdk=iphoneos*]" = "iPhone Developer";
				COPY_PHASE_STRIP = YES;
				ENABLE_NS_ASSERTIONS = NO;
				ENABLE_STRICT_OBJC_MSGSEND = YES;
				GCC_C_LANGUAGE_STANDARD = gnu99;
				GCC_WARN_64_TO_32_BIT_CONVERSION = YES;
				GCC_WARN_ABOUT_RETURN_TYPE = YES_ERROR;
				GCC_WARN_UNDECLARED_SELECTOR = YES;
				GCC_WARN_UNINITIALIZED_AUTOS = YES_AGGRESSIVE;
				GCC_WARN_UNUSED_FUNCTION = YES;
				GCC_WARN_UNUSED_VARIABLE = YES;
				IPHONEOS_DEPLOYMENT_TARGET = 8.0;
				MTL_ENABLE_DEBUG_INFO = NO;
				SDKROOT = iphoneos;
				VALIDATE_PRODUCT = YES;
			};
			name = Release;
		};
		B52AA47D19F83AD70069BC08 /* Debug */ = {
			isa = XCBuildConfiguration;
			buildSettings = {
				ASSETCATALOG_COMPILER_APPICON_NAME = AppIcon;
				CLANG_ENABLE_OBJC_ARC = YES;
				FRAMEWORK_SEARCH_PATHS = (
					"$(inherited)",
					"$(DEVELOPER_FRAMEWORKS_DIR)",
					"$(PROJECT_DIR)",
				);
				HEADER_SEARCH_PATHS = (
					"$(inherited)",
					/Applications/Xcode.app/Contents/Developer/Toolchains/XcodeDefault.xctoolchain/usr/include,
				);
				INFOPLIST_FILE = CountryQuiz/Info.plist;
				IPHONEOS_DEPLOYMENT_TARGET = 7.1;
				LD_RUNPATH_SEARCH_PATHS = "$(inherited) @executable_path/Frameworks";
				OTHER_LDFLAGS = (
					"-ObjC",
					"-all_load",
				);
				PRODUCT_NAME = "$(TARGET_NAME)";
				TARGETED_DEVICE_FAMILY = 1;
				USER_HEADER_SEARCH_PATHS = "";
			};
			name = Debug;
		};
		B52AA47E19F83AD70069BC08 /* Release */ = {
			isa = XCBuildConfiguration;
			buildSettings = {
				ASSETCATALOG_COMPILER_APPICON_NAME = AppIcon;
				CLANG_ENABLE_OBJC_ARC = YES;
				FRAMEWORK_SEARCH_PATHS = (
					"$(inherited)",
					"$(DEVELOPER_FRAMEWORKS_DIR)",
					"$(PROJECT_DIR)",
				);
				HEADER_SEARCH_PATHS = (
					"$(inherited)",
					/Applications/Xcode.app/Contents/Developer/Toolchains/XcodeDefault.xctoolchain/usr/include,
				);
				INFOPLIST_FILE = CountryQuiz/Info.plist;
				IPHONEOS_DEPLOYMENT_TARGET = 7.1;
				LD_RUNPATH_SEARCH_PATHS = "$(inherited) @executable_path/Frameworks";
				OTHER_LDFLAGS = (
					"-ObjC",
					"-all_load",
				);
				PRODUCT_NAME = "$(TARGET_NAME)";
				TARGETED_DEVICE_FAMILY = 1;
				USER_HEADER_SEARCH_PATHS = "";
			};
			name = Release;
		};
		B52AA48019F83AD70069BC08 /* Debug */ = {
			isa = XCBuildConfiguration;
			buildSettings = {
				BUNDLE_LOADER = "$(TEST_HOST)";
				CLANG_ENABLE_OBJC_ARC = YES;
				FRAMEWORK_SEARCH_PATHS = (
					"$(SDKROOT)/Developer/Library/Frameworks",
					"$(inherited)",
				);
				GCC_PREPROCESSOR_DEFINITIONS = (
					"DEBUG=1",
					"$(inherited)",
				);
				INFOPLIST_FILE = CountryQuizTests/Info.plist;
				LD_RUNPATH_SEARCH_PATHS = "$(inherited) @executable_path/Frameworks @loader_path/Frameworks";
				PRODUCT_NAME = "$(TARGET_NAME)";
				TEST_HOST = "$(BUILT_PRODUCTS_DIR)/CountryQuiz.app/CountryQuiz";
			};
			name = Debug;
		};
		B52AA48119F83AD70069BC08 /* Release */ = {
			isa = XCBuildConfiguration;
			buildSettings = {
				BUNDLE_LOADER = "$(TEST_HOST)";
				CLANG_ENABLE_OBJC_ARC = YES;
				FRAMEWORK_SEARCH_PATHS = (
					"$(SDKROOT)/Developer/Library/Frameworks",
					"$(inherited)",
				);
				INFOPLIST_FILE = CountryQuizTests/Info.plist;
				LD_RUNPATH_SEARCH_PATHS = "$(inherited) @executable_path/Frameworks @loader_path/Frameworks";
				PRODUCT_NAME = "$(TARGET_NAME)";
				TEST_HOST = "$(BUILT_PRODUCTS_DIR)/CountryQuiz.app/CountryQuiz";
			};
			name = Release;
		};
/* End XCBuildConfiguration section */

/* Begin XCConfigurationList section */
		B52AA45419F83AD70069BC08 /* Build configuration list for PBXProject "CountryQuiz" */ = {
			isa = XCConfigurationList;
			buildConfigurations = (
				B52AA47A19F83AD70069BC08 /* Debug */,
				B52AA47B19F83AD70069BC08 /* Release */,
			);
			defaultConfigurationIsVisible = 0;
			defaultConfigurationName = Release;
		};
		B52AA47C19F83AD70069BC08 /* Build configuration list for PBXNativeTarget "CountryQuiz" */ = {
			isa = XCConfigurationList;
			buildConfigurations = (
				B52AA47D19F83AD70069BC08 /* Debug */,
				B52AA47E19F83AD70069BC08 /* Release */,
			);
			defaultConfigurationIsVisible = 0;
			defaultConfigurationName = Release;
		};
		B52AA47F19F83AD70069BC08 /* Build configuration list for PBXNativeTarget "CountryQuizTests" */ = {
			isa = XCConfigurationList;
			buildConfigurations = (
				B52AA48019F83AD70069BC08 /* Debug */,
				B52AA48119F83AD70069BC08 /* Release */,
			);
			defaultConfigurationIsVisible = 0;
			defaultConfigurationName = Release;
		};
/* End XCConfigurationList section */
	};
	rootObject = B52AA45119F83AD70069BC08 /* Project object */;
}
